# This file is autogenerated, do not edit; changes may be undone by the next 'dep ensure'.


[[projects]]
  branch = "master"
  digest = "1:e4fd8a4041e47ec6cb6c38ad4baf4f1f37278c7ba23625905147a5823885787a"
  name = "github.com/auth0/go-jwt-middleware"
  packages = ["."]
  pruneopts = "UT"
  revision = "5493cabe49f7bfa6e2ec444a09d334d90cd4e2bd"

[[projects]]
  digest = "1:76dc72490af7174349349838f2fe118996381b31ea83243812a97e5a0fd5ed55"
  name = "github.com/dgrijalva/jwt-go"
  packages = ["."]
  pruneopts = "UT"
  revision = "06ea1031745cb8b3dab3f6a236daf2b0aa468b7e"
  version = "v3.2.0"

[[projects]]
  digest = "1:c79fb010be38a59d657c48c6ba1d003a8aa651fa56b579d959d74573b7dff8e1"
  name = "github.com/gorilla/context"
  packages = ["."]
  pruneopts = "UT"
  revision = "08b5f424b9271eedf6f9f0ce86cb9396ed337a42"
  version = "v1.1.1"

[[projects]]
  digest = "1:664d37ea261f0fc73dd17f4a1f5f46d01fbb0b0d75f6375af064824424109b7d"
  name = "github.com/gorilla/handlers"
  packages = ["."]
  pruneopts = "UT"
  revision = "7e0847f9db758cdebd26c149d0ae9d5d0b9c98ce"
  version = "v1.4.0"

[[projects]]
  digest = "1:e73f5b0152105f18bc131fba127d9949305c8693f8a762588a82a48f61756f5f"
  name = "github.com/gorilla/mux"
  packages = ["."]
  pruneopts = "UT"
  revision = "e3702bed27f0d39777b0b37b664b6280e8ef8fbf"
  version = "v1.6.2"

[[projects]]
  branch = "master"
  digest = "1:6ab1e622fb50f45de0807207f3ff11c004dbe7fac8e9a14c36e44bb6369f585e"
  name = "github.com/goware/emailx"
  packages = ["."]
  pruneopts = "UT"
  revision = "0bae9679d4e31a54efa4b1cc61dd78eadda83b1a"

[[projects]]
  digest = "1:8ef506fc2bb9ced9b151dafa592d4046063d744c646c1bbe801982ce87e4bc24"
  name = "github.com/lib/pq"
  packages = [
    ".",
    "oid",
  ]
  pruneopts = "UT"
  revision = "4ded0e9383f75c197b3a2aaa6d590ac52df6fd79"
  version = "v1.0.0"

[[projects]]
  digest = "1:043a68c728982a54355d57e347dd4b52ba5ab3fec50e7a57894b1baa80aa7a9e"
  name = "github.com/sendgrid/rest"
  packages = ["."]
  pruneopts = "UT"
  revision = "306b9bef57dc36f3435ccfcc08fe6ae2c6920344"
  version = "v2.4.1"

[[projects]]
  digest = "1:bf326e9bc2c70dfc765590bfa9c9985e41355f7972fb50e7f052440f3a5122a2"
  name = "github.com/sendgrid/sendgrid-go"
  packages = [
    ".",
    "helpers/mail",
  ]
  pruneopts = "UT"
  revision = "8caf17aa96b4a98bae8bd216878dd50ff12897b5"
  version = "v3.4.1"

[[projects]]
  branch = "master"
  digest = "1:1ecf2a49df33be51e757d0033d5d51d5f784f35f68e5a38f797b2d3f03357d71"
  name = "golang.org/x/crypto"
  packages = [
    "bcrypt",
    "blowfish",
  ]
  pruneopts = "UT"
  revision = "182538f80094b6a8efaade63a8fd8e0d9d5843dd"

[solve-meta]
  analyzer-name = "dep"
  analyzer-version = 1
  input-imports = [
    "github.com/auth0/go-jwt-middleware",
    "github.com/dgrijalva/jwt-go",
    "github.com/gorilla/handlers",
    "github.com/gorilla/mux",
    "github.com/goware/emailx",
    "github.com/lib/pq",
    "github.com/sendgrid/rest",
    "github.com/sendgrid/sendgrid-go",
    "github.com/sendgrid/sendgrid-go/helpers/mail",
    "golang.org/x/crypto/bcrypt",
  ]
  solver-name = "gps-cdcl"
  solver-version = 1
